// !$*UTF8*$!
{
	archiveVersion = 1;
	classes = {
	};
	objectVersion = 77;
	objects = {

/* Begin PBXBuildFile section */
		51B28419120C57F012432F0C /* Pods_ReelAI_ReelAIUITests.framework in Frameworks */ = {isa = PBXBuildFile; fileRef = C10A36A2998599F4400B476C /* Pods_ReelAI_ReelAIUITests.framework */; };
		5687D4FA2D525B9C00ABD83C /* Pods_ReelAI.framework in Frameworks */ = {isa = PBXBuildFile; fileRef = B50E05328B85051A3C5928C6 /* Pods_ReelAI.framework */; };
		5687D4FB2D525B9C00ABD83C /* Pods_ReelAI.framework in Embed Frameworks */ = {isa = PBXBuildFile; fileRef = B50E05328B85051A3C5928C6 /* Pods_ReelAI.framework */; settings = {ATTRIBUTES = (CodeSignOnCopy, RemoveHeadersOnCopy, ); }; };
		56C443C62D51695C008B85D2 /* GoogleService-Info.plist in Resources */ = {isa = PBXBuildFile; fileRef = 56C443C52D51695C008B85D2 /* GoogleService-Info.plist */; };
		88AD4AFD9584A1EFFEB3C49A /* Pods_ReelAITests.framework in Frameworks */ = {isa = PBXBuildFile; fileRef = ECA09657C2B90C4F26A7515A /* Pods_ReelAITests.framework */; };
/* End PBXBuildFile section */

/* Begin PBXContainerItemProxy section */
		56C4439A2D51578D008B85D2 /* PBXContainerItemProxy */ = {
			isa = PBXContainerItemProxy;
			containerPortal = 56C443812D51578A008B85D2 /* Project object */;
			proxyType = 1;
			remoteGlobalIDString = 56C443882D51578A008B85D2;
			remoteInfo = ReelAI;
		};
		56C443A42D51578D008B85D2 /* PBXContainerItemProxy */ = {
			isa = PBXContainerItemProxy;
			containerPortal = 56C443812D51578A008B85D2 /* Project object */;
			proxyType = 1;
			remoteGlobalIDString = 56C443882D51578A008B85D2;
			remoteInfo = ReelAI;
		};
/* End PBXContainerItemProxy section */

/* Begin PBXCopyFilesBuildPhase section */
		5687D4FC2D525B9C00ABD83C /* Embed Frameworks */ = {
			isa = PBXCopyFilesBuildPhase;
			buildActionMask = 2147483647;
			dstPath = "";
			dstSubfolderSpec = 10;
			files = (
				5687D4FB2D525B9C00ABD83C /* Pods_ReelAI.framework in Embed Frameworks */,
			);
			name = "Embed Frameworks";
			runOnlyForDeploymentPostprocessing = 0;
		};
/* End PBXCopyFilesBuildPhase section */

/* Begin PBXFileReference section */
		0E3388112A040DDC05EC7626 /* Pods-ReelAI-ReelAIUITests.release.xcconfig */ = {isa = PBXFileReference; includeInIndex = 1; lastKnownFileType = text.xcconfig; name = "Pods-ReelAI-ReelAIUITests.release.xcconfig"; path = "Target Support Files/Pods-ReelAI-ReelAIUITests/Pods-ReelAI-ReelAIUITests.release.xcconfig"; sourceTree = "<group>"; };
		1A8DE5E8DD9074DA95620446 /* Pods-ReelAITests.debug.xcconfig */ = {isa = PBXFileReference; includeInIndex = 1; lastKnownFileType = text.xcconfig; name = "Pods-ReelAITests.debug.xcconfig"; path = "Target Support Files/Pods-ReelAITests/Pods-ReelAITests.debug.xcconfig"; sourceTree = "<group>"; };
		289FED5806CC1581670B09CE /* Pods-ReelAI.release.xcconfig */ = {isa = PBXFileReference; includeInIndex = 1; lastKnownFileType = text.xcconfig; name = "Pods-ReelAI.release.xcconfig"; path = "Target Support Files/Pods-ReelAI/Pods-ReelAI.release.xcconfig"; sourceTree = "<group>"; };
		56C443892D51578A008B85D2 /* ReelAI.app */ = {isa = PBXFileReference; explicitFileType = wrapper.application; includeInIndex = 0; path = ReelAI.app; sourceTree = BUILT_PRODUCTS_DIR; };
		56C443992D51578D008B85D2 /* ReelAITests.xctest */ = {isa = PBXFileReference; explicitFileType = wrapper.cfbundle; includeInIndex = 0; path = ReelAITests.xctest; sourceTree = BUILT_PRODUCTS_DIR; };
		56C443A32D51578D008B85D2 /* ReelAIUITests.xctest */ = {isa = PBXFileReference; explicitFileType = wrapper.cfbundle; includeInIndex = 0; path = ReelAIUITests.xctest; sourceTree = BUILT_PRODUCTS_DIR; };
		56C443C52D51695C008B85D2 /* GoogleService-Info.plist */ = {isa = PBXFileReference; lastKnownFileType = text.plist.xml; path = "GoogleService-Info.plist"; sourceTree = "<group>"; };
		8A7054BC93D518B81313DA45 /* Pods-ReelAITests.release.xcconfig */ = {isa = PBXFileReference; includeInIndex = 1; lastKnownFileType = text.xcconfig; name = "Pods-ReelAITests.release.xcconfig"; path = "Target Support Files/Pods-ReelAITests/Pods-ReelAITests.release.xcconfig"; sourceTree = "<group>"; };
		B50E05328B85051A3C5928C6 /* Pods_ReelAI.framework */ = {isa = PBXFileReference; explicitFileType = wrapper.framework; includeInIndex = 0; path = Pods_ReelAI.framework; sourceTree = BUILT_PRODUCTS_DIR; };
		B5139F6B50100C8DDD115DF7 /* Pods-ReelAI.debug.xcconfig */ = {isa = PBXFileReference; includeInIndex = 1; lastKnownFileType = text.xcconfig; name = "Pods-ReelAI.debug.xcconfig"; path = "Target Support Files/Pods-ReelAI/Pods-ReelAI.debug.xcconfig"; sourceTree = "<group>"; };
		C10A36A2998599F4400B476C /* Pods_ReelAI_ReelAIUITests.framework */ = {isa = PBXFileReference; explicitFileType = wrapper.framework; includeInIndex = 0; path = Pods_ReelAI_ReelAIUITests.framework; sourceTree = BUILT_PRODUCTS_DIR; };
		ECA09657C2B90C4F26A7515A /* Pods_ReelAITests.framework */ = {isa = PBXFileReference; explicitFileType = wrapper.framework; includeInIndex = 0; path = Pods_ReelAITests.framework; sourceTree = BUILT_PRODUCTS_DIR; };
		F83801A1EBBC6FD8A3CECFEB /* Pods-ReelAI-ReelAIUITests.debug.xcconfig */ = {isa = PBXFileReference; includeInIndex = 1; lastKnownFileType = text.xcconfig; name = "Pods-ReelAI-ReelAIUITests.debug.xcconfig"; path = "Target Support Files/Pods-ReelAI-ReelAIUITests/Pods-ReelAI-ReelAIUITests.debug.xcconfig"; sourceTree = "<group>"; };
/* End PBXFileReference section */

/* Begin PBXFileSystemSynchronizedRootGroup section */
		56C4438B2D51578A008B85D2 /* ReelAI */ = {
			isa = PBXFileSystemSynchronizedRootGroup;
			path = ReelAI;
			sourceTree = "<group>";
		};
		56C4439C2D51578D008B85D2 /* ReelAITests */ = {
			isa = PBXFileSystemSynchronizedRootGroup;
			path = ReelAITests;
			sourceTree = "<group>";
		};
		56C443A62D51578D008B85D2 /* ReelAIUITests */ = {
			isa = PBXFileSystemSynchronizedRootGroup;
			path = ReelAIUITests;
			sourceTree = "<group>";
		};
/* End PBXFileSystemSynchronizedRootGroup section */

/* Begin PBXFrameworksBuildPhase section */
		56C443862D51578A008B85D2 /* Frameworks */ = {
			isa = PBXFrameworksBuildPhase;
			buildActionMask = 2147483647;
			files = (
				5687D4FA2D525B9C00ABD83C /* Pods_ReelAI.framework in Frameworks */,
			);
			runOnlyForDeploymentPostprocessing = 0;
		};
		56C443962D51578D008B85D2 /* Frameworks */ = {
			isa = PBXFrameworksBuildPhase;
			buildActionMask = 2147483647;
			files = (
				88AD4AFD9584A1EFFEB3C49A /* Pods_ReelAITests.framework in Frameworks */,
			);
			runOnlyForDeploymentPostprocessing = 0;
		};
		56C443A02D51578D008B85D2 /* Frameworks */ = {
			isa = PBXFrameworksBuildPhase;
			buildActionMask = 2147483647;
			files = (
				51B28419120C57F012432F0C /* Pods_ReelAI_ReelAIUITests.framework in Frameworks */,
			);
			runOnlyForDeploymentPostprocessing = 0;
		};
/* End PBXFrameworksBuildPhase section */

/* Begin PBXGroup section */
		56C443802D51578A008B85D2 = {
			isa = PBXGroup;
			children = (
				56C4438B2D51578A008B85D2 /* ReelAI */,
				56C4439C2D51578D008B85D2 /* ReelAITests */,
				56C443A62D51578D008B85D2 /* ReelAIUITests */,
				56C4438A2D51578A008B85D2 /* Products */,
				56C443C52D51695C008B85D2 /* GoogleService-Info.plist */,
				CD572076083514BD21497B71 /* Pods */,
				C6694B92C324317190803F82 /* Frameworks */,
			);
			sourceTree = "<group>";
		};
		56C4438A2D51578A008B85D2 /* Products */ = {
			isa = PBXGroup;
			children = (
				56C443892D51578A008B85D2 /* ReelAI.app */,
				56C443992D51578D008B85D2 /* ReelAITests.xctest */,
				56C443A32D51578D008B85D2 /* ReelAIUITests.xctest */,
			);
			name = Products;
			sourceTree = "<group>";
		};
		C6694B92C324317190803F82 /* Frameworks */ = {
			isa = PBXGroup;
			children = (
				B50E05328B85051A3C5928C6 /* Pods_ReelAI.framework */,
				C10A36A2998599F4400B476C /* Pods_ReelAI_ReelAIUITests.framework */,
				ECA09657C2B90C4F26A7515A /* Pods_ReelAITests.framework */,
			);
			name = Frameworks;
			sourceTree = "<group>";
		};
		CD572076083514BD21497B71 /* Pods */ = {
			isa = PBXGroup;
			children = (
				B5139F6B50100C8DDD115DF7 /* Pods-ReelAI.debug.xcconfig */,
				289FED5806CC1581670B09CE /* Pods-ReelAI.release.xcconfig */,
				F83801A1EBBC6FD8A3CECFEB /* Pods-ReelAI-ReelAIUITests.debug.xcconfig */,
				0E3388112A040DDC05EC7626 /* Pods-ReelAI-ReelAIUITests.release.xcconfig */,
				1A8DE5E8DD9074DA95620446 /* Pods-ReelAITests.debug.xcconfig */,
				8A7054BC93D518B81313DA45 /* Pods-ReelAITests.release.xcconfig */,
			);
			path = Pods;
			sourceTree = "<group>";
		};
/* End PBXGroup section */

/* Begin PBXNativeTarget section */
		56C443882D51578A008B85D2 /* ReelAI */ = {
			isa = PBXNativeTarget;
			buildConfigurationList = 56C443AD2D51578D008B85D2 /* Build configuration list for PBXNativeTarget "ReelAI" */;
			buildPhases = (
				8347A3A6B1D86EABC8775FED /* [CP] Check Pods Manifest.lock */,
				56C443852D51578A008B85D2 /* Sources */,
				56C443862D51578A008B85D2 /* Frameworks */,
				56C443872D51578A008B85D2 /* Resources */,
				010026A3A7C92103B21FBF43 /* [CP] Embed Pods Frameworks */,
				5687D4FC2D525B9C00ABD83C /* Embed Frameworks */,
			);
			buildRules = (
			);
			dependencies = (
			);
			fileSystemSynchronizedGroups = (
				56C4438B2D51578A008B85D2 /* ReelAI */,
			);
			name = ReelAI;
			productName = ReelAI;
			productReference = 56C443892D51578A008B85D2 /* ReelAI.app */;
			productType = "com.apple.product-type.application";
		};
		56C443982D51578D008B85D2 /* ReelAITests */ = {
			isa = PBXNativeTarget;
			buildConfigurationList = 56C443B02D51578D008B85D2 /* Build configuration list for PBXNativeTarget "ReelAITests" */;
			buildPhases = (
				1F64C35619AB54572F409B7F /* [CP] Check Pods Manifest.lock */,
				56C443952D51578D008B85D2 /* Sources */,
				56C443962D51578D008B85D2 /* Frameworks */,
				56C443972D51578D008B85D2 /* Resources */,
			);
			buildRules = (
			);
			dependencies = (
				56C4439B2D51578D008B85D2 /* PBXTargetDependency */,
			);
			fileSystemSynchronizedGroups = (
				56C4439C2D51578D008B85D2 /* ReelAITests */,
			);
			name = ReelAITests;
			productName = ReelAITests;
			productReference = 56C443992D51578D008B85D2 /* ReelAITests.xctest */;
			productType = "com.apple.product-type.bundle.unit-test";
		};
		56C443A22D51578D008B85D2 /* ReelAIUITests */ = {
			isa = PBXNativeTarget;
			buildConfigurationList = 56C443B32D51578D008B85D2 /* Build configuration list for PBXNativeTarget "ReelAIUITests" */;
			buildPhases = (
				4DA74CE32DE18306CC9C9C62 /* [CP] Check Pods Manifest.lock */,
				56C4439F2D51578D008B85D2 /* Sources */,
				56C443A02D51578D008B85D2 /* Frameworks */,
				56C443A12D51578D008B85D2 /* Resources */,
				E26EF66701E3EBB9A487E260 /* [CP] Embed Pods Frameworks */,
			);
			buildRules = (
			);
			dependencies = (
				56C443A52D51578D008B85D2 /* PBXTargetDependency */,
			);
			fileSystemSynchronizedGroups = (
				56C443A62D51578D008B85D2 /* ReelAIUITests */,
			);
			name = ReelAIUITests;
			productName = ReelAIUITests;
			productReference = 56C443A32D51578D008B85D2 /* ReelAIUITests.xctest */;
			productType = "com.apple.product-type.bundle.ui-testing";
		};
/* End PBXNativeTarget section */

/* Begin PBXProject section */
		56C443812D51578A008B85D2 /* Project object */ = {
			isa = PBXProject;
			attributes = {
				BuildIndependentTargetsInParallel = 1;
				LastSwiftUpdateCheck = 1620;
				LastUpgradeCheck = 1620;
				TargetAttributes = {
					56C443882D51578A008B85D2 = {
						CreatedOnToolsVersion = 16.2;
					};
					56C443982D51578D008B85D2 = {
						CreatedOnToolsVersion = 16.2;
						TestTargetID = 56C443882D51578A008B85D2;
					};
					56C443A22D51578D008B85D2 = {
						CreatedOnToolsVersion = 16.2;
						TestTargetID = 56C443882D51578A008B85D2;
					};
				};
			};
			buildConfigurationList = 56C443842D51578A008B85D2 /* Build configuration list for PBXProject "ReelAI" */;
			developmentRegion = en;
			hasScannedForEncodings = 0;
			knownRegions = (
				en,
				Base,
			);
			mainGroup = 56C443802D51578A008B85D2;
			minimizedProjectReferenceProxies = 1;
			preferredProjectObjectVersion = 77;
			productRefGroup = 56C4438A2D51578A008B85D2 /* Products */;
			projectDirPath = "";
			projectRoot = "";
			targets = (
				56C443882D51578A008B85D2 /* ReelAI */,
				56C443982D51578D008B85D2 /* ReelAITests */,
				56C443A22D51578D008B85D2 /* ReelAIUITests */,
			);
		};
/* End PBXProject section */

/* Begin PBXResourcesBuildPhase section */
		56C443872D51578A008B85D2 /* Resources */ = {
			isa = PBXResourcesBuildPhase;
			buildActionMask = 2147483647;
			files = (
				56C443C62D51695C008B85D2 /* GoogleService-Info.plist in Resources */,
			);
			runOnlyForDeploymentPostprocessing = 0;
		};
		56C443972D51578D008B85D2 /* Resources */ = {
			isa = PBXResourcesBuildPhase;
			buildActionMask = 2147483647;
			files = (
			);
			runOnlyForDeploymentPostprocessing = 0;
		};
		56C443A12D51578D008B85D2 /* Resources */ = {
			isa = PBXResourcesBuildPhase;
			buildActionMask = 2147483647;
			files = (
			);
			runOnlyForDeploymentPostprocessing = 0;
		};
/* End PBXResourcesBuildPhase section */

/* Begin PBXShellScriptBuildPhase section */
		010026A3A7C92103B21FBF43 /* [CP] Embed Pods Frameworks */ = {
			isa = PBXShellScriptBuildPhase;
			buildActionMask = 2147483647;
			files = (
			);
			inputFileListPaths = (
				"${PODS_ROOT}/Target Support Files/Pods-ReelAI/Pods-ReelAI-frameworks-${CONFIGURATION}-input-files.xcfilelist",
			);
			name = "[CP] Embed Pods Frameworks";
			outputFileListPaths = (
				"${PODS_ROOT}/Target Support Files/Pods-ReelAI/Pods-ReelAI-frameworks-${CONFIGURATION}-output-files.xcfilelist",
			);
			runOnlyForDeploymentPostprocessing = 0;
			shellPath = /bin/sh;
			shellScript = "\"${PODS_ROOT}/Target Support Files/Pods-ReelAI/Pods-ReelAI-frameworks.sh\"\n";
			showEnvVarsInLog = 0;
		};
		1F64C35619AB54572F409B7F /* [CP] Check Pods Manifest.lock */ = {
			isa = PBXShellScriptBuildPhase;
			buildActionMask = 2147483647;
			files = (
			);
			inputFileListPaths = (
			);
			inputPaths = (
				"${PODS_PODFILE_DIR_PATH}/Podfile.lock",
				"${PODS_ROOT}/Manifest.lock",
			);
			name = "[CP] Check Pods Manifest.lock";
			outputFileListPaths = (
			);
			outputPaths = (
				"$(DERIVED_FILE_DIR)/Pods-ReelAITests-checkManifestLockResult.txt",
			);
			runOnlyForDeploymentPostprocessing = 0;
			shellPath = /bin/sh;
			shellScript = "diff \"${PODS_PODFILE_DIR_PATH}/Podfile.lock\" \"${PODS_ROOT}/Manifest.lock\" > /dev/null\nif [ $? != 0 ] ; then\n    # print error to STDERR\n    echo \"error: The sandbox is not in sync with the Podfile.lock. Run 'pod install' or update your CocoaPods installation.\" >&2\n    exit 1\nfi\n# This output is used by Xcode 'outputs' to avoid re-running this script phase.\necho \"SUCCESS\" > \"${SCRIPT_OUTPUT_FILE_0}\"\n";
			showEnvVarsInLog = 0;
		};
		4DA74CE32DE18306CC9C9C62 /* [CP] Check Pods Manifest.lock */ = {
			isa = PBXShellScriptBuildPhase;
			buildActionMask = 2147483647;
			files = (
			);
			inputFileListPaths = (
			);
			inputPaths = (
				"${PODS_PODFILE_DIR_PATH}/Podfile.lock",
				"${PODS_ROOT}/Manifest.lock",
			);
			name = "[CP] Check Pods Manifest.lock";
			outputFileListPaths = (
			);
			outputPaths = (
				"$(DERIVED_FILE_DIR)/Pods-ReelAI-ReelAIUITests-checkManifestLockResult.txt",
			);
			runOnlyForDeploymentPostprocessing = 0;
			shellPath = /bin/sh;
			shellScript = "diff \"${PODS_PODFILE_DIR_PATH}/Podfile.lock\" \"${PODS_ROOT}/Manifest.lock\" > /dev/null\nif [ $? != 0 ] ; then\n    # print error to STDERR\n    echo \"error: The sandbox is not in sync with the Podfile.lock. Run 'pod install' or update your CocoaPods installation.\" >&2\n    exit 1\nfi\n# This output is used by Xcode 'outputs' to avoid re-running this script phase.\necho \"SUCCESS\" > \"${SCRIPT_OUTPUT_FILE_0}\"\n";
			showEnvVarsInLog = 0;
		};
		8347A3A6B1D86EABC8775FED /* [CP] Check Pods Manifest.lock */ = {
			isa = PBXShellScriptBuildPhase;
			buildActionMask = 2147483647;
			files = (
			);
			inputFileListPaths = (
			);
			inputPaths = (
				"${PODS_PODFILE_DIR_PATH}/Podfile.lock",
				"${PODS_ROOT}/Manifest.lock",
			);
			name = "[CP] Check Pods Manifest.lock";
			outputFileListPaths = (
			);
			outputPaths = (
				"$(DERIVED_FILE_DIR)/Pods-ReelAI-checkManifestLockResult.txt",
			);
			runOnlyForDeploymentPostprocessing = 0;
			shellPath = /bin/sh;
			shellScript = "diff \"${PODS_PODFILE_DIR_PATH}/Podfile.lock\" \"${PODS_ROOT}/Manifest.lock\" > /dev/null\nif [ $? != 0 ] ; then\n    # print error to STDERR\n    echo \"error: The sandbox is not in sync with the Podfile.lock. Run 'pod install' or update your CocoaPods installation.\" >&2\n    exit 1\nfi\n# This output is used by Xcode 'outputs' to avoid re-running this script phase.\necho \"SUCCESS\" > \"${SCRIPT_OUTPUT_FILE_0}\"\n";
			showEnvVarsInLog = 0;
		};
		E26EF66701E3EBB9A487E260 /* [CP] Embed Pods Frameworks */ = {
			isa = PBXShellScriptBuildPhase;
			buildActionMask = 2147483647;
			files = (
			);
			inputFileListPaths = (
				"${PODS_ROOT}/Target Support Files/Pods-ReelAI-ReelAIUITests/Pods-ReelAI-ReelAIUITests-frameworks-${CONFIGURATION}-input-files.xcfilelist",
			);
			name = "[CP] Embed Pods Frameworks";
			outputFileListPaths = (
				"${PODS_ROOT}/Target Support Files/Pods-ReelAI-ReelAIUITests/Pods-ReelAI-ReelAIUITests-frameworks-${CONFIGURATION}-output-files.xcfilelist",
			);
			runOnlyForDeploymentPostprocessing = 0;
			shellPath = /bin/sh;
			shellScript = "\"${PODS_ROOT}/Target Support Files/Pods-ReelAI-ReelAIUITests/Pods-ReelAI-ReelAIUITests-frameworks.sh\"\n";
			showEnvVarsInLog = 0;
		};
/* End PBXShellScriptBuildPhase section */

/* Begin PBXSourcesBuildPhase section */
		56C443852D51578A008B85D2 /* Sources */ = {
			isa = PBXSourcesBuildPhase;
			buildActionMask = 2147483647;
			files = (
			);
			runOnlyForDeploymentPostprocessing = 0;
		};
		56C443952D51578D008B85D2 /* Sources */ = {
			isa = PBXSourcesBuildPhase;
			buildActionMask = 2147483647;
			files = (
			);
			runOnlyForDeploymentPostprocessing = 0;
		};
		56C4439F2D51578D008B85D2 /* Sources */ = {
			isa = PBXSourcesBuildPhase;
			buildActionMask = 2147483647;
			files = (
			);
			runOnlyForDeploymentPostprocessing = 0;
		};
/* End PBXSourcesBuildPhase section */

/* Begin PBXTargetDependency section */
		56C4439B2D51578D008B85D2 /* PBXTargetDependency */ = {
			isa = PBXTargetDependency;
			target = 56C443882D51578A008B85D2 /* ReelAI */;
			targetProxy = 56C4439A2D51578D008B85D2 /* PBXContainerItemProxy */;
		};
		56C443A52D51578D008B85D2 /* PBXTargetDependency */ = {
			isa = PBXTargetDependency;
			target = 56C443882D51578A008B85D2 /* ReelAI */;
			targetProxy = 56C443A42D51578D008B85D2 /* PBXContainerItemProxy */;
		};
/* End PBXTargetDependency section */

/* Begin XCBuildConfiguration section */
		56C443AB2D51578D008B85D2 /* Debug */ = {
			isa = XCBuildConfiguration;
			buildSettings = {
				ALWAYS_SEARCH_USER_PATHS = NO;
				ASSETCATALOG_COMPILER_GENERATE_SWIFT_ASSET_SYMBOL_EXTENSIONS = YES;
				CLANG_ANALYZER_NONNULL = YES;
				CLANG_ANALYZER_NUMBER_OBJECT_CONVERSION = YES_AGGRESSIVE;
				CLANG_CXX_LANGUAGE_STANDARD = "gnu++20";
				CLANG_ENABLE_MODULES = YES;
				CLANG_ENABLE_OBJC_ARC = YES;
				CLANG_ENABLE_OBJC_WEAK = YES;
				CLANG_WARN_BLOCK_CAPTURE_AUTORELEASING = YES;
				CLANG_WARN_BOOL_CONVERSION = YES;
				CLANG_WARN_COMMA = YES;
				CLANG_WARN_CONSTANT_CONVERSION = YES;
				CLANG_WARN_DEPRECATED_OBJC_IMPLEMENTATIONS = YES;
				CLANG_WARN_DIRECT_OBJC_ISA_USAGE = YES_ERROR;
				CLANG_WARN_DOCUMENTATION_COMMENTS = YES;
				CLANG_WARN_EMPTY_BODY = YES;
				CLANG_WARN_ENUM_CONVERSION = YES;
				CLANG_WARN_INFINITE_RECURSION = YES;
				CLANG_WARN_INT_CONVERSION = YES;
				CLANG_WARN_NON_LITERAL_NULL_CONVERSION = YES;
				CLANG_WARN_OBJC_IMPLICIT_RETAIN_SELF = YES;
				CLANG_WARN_OBJC_LITERAL_CONVERSION = YES;
				CLANG_WARN_OBJC_ROOT_CLASS = YES_ERROR;
				CLANG_WARN_QUOTED_INCLUDE_IN_FRAMEWORK_HEADER = YES;
				CLANG_WARN_RANGE_LOOP_ANALYSIS = YES;
				CLANG_WARN_STRICT_PROTOTYPES = YES;
				CLANG_WARN_SUSPICIOUS_MOVE = YES;
				CLANG_WARN_UNGUARDED_AVAILABILITY = YES_AGGRESSIVE;
				CLANG_WARN_UNREACHABLE_CODE = YES;
				CLANG_WARN__DUPLICATE_METHOD_MATCH = YES;
				COPY_PHASE_STRIP = NO;
				DEBUG_INFORMATION_FORMAT = dwarf;
				ENABLE_STRICT_OBJC_MSGSEND = YES;
				ENABLE_TESTABILITY = YES;
				ENABLE_USER_SCRIPT_SANDBOXING = YES;
				GCC_C_LANGUAGE_STANDARD = gnu17;
				GCC_DYNAMIC_NO_PIC = NO;
				GCC_NO_COMMON_BLOCKS = YES;
				GCC_OPTIMIZATION_LEVEL = 0;
				GCC_PREPROCESSOR_DEFINITIONS = (
					"DEBUG=1",
					"$(inherited)",
				);
				GCC_WARN_64_TO_32_BIT_CONVERSION = YES;
				GCC_WARN_ABOUT_RETURN_TYPE = YES_ERROR;
				GCC_WARN_UNDECLARED_SELECTOR = YES;
				GCC_WARN_UNINITIALIZED_AUTOS = YES_AGGRESSIVE;
				GCC_WARN_UNUSED_FUNCTION = YES;
				GCC_WARN_UNUSED_VARIABLE = YES;
				IPHONEOS_DEPLOYMENT_TARGET = 18.2;
				LOCALIZATION_PREFERS_STRING_CATALOGS = YES;
				MTL_ENABLE_DEBUG_INFO = INCLUDE_SOURCE;
				MTL_FAST_MATH = YES;
				ONLY_ACTIVE_ARCH = YES;
				SDKROOT = iphoneos;
				SWIFT_ACTIVE_COMPILATION_CONDITIONS = "DEBUG $(inherited)";
				SWIFT_OPTIMIZATION_LEVEL = "-Onone";
			};
			name = Debug;
		};
		56C443AC2D51578D008B85D2 /* Release */ = {
			isa = XCBuildConfiguration;
			buildSettings = {
				ALWAYS_SEARCH_USER_PATHS = NO;
				ASSETCATALOG_COMPILER_GENERATE_SWIFT_ASSET_SYMBOL_EXTENSIONS = YES;
				CLANG_ANALYZER_NONNULL = YES;
				CLANG_ANALYZER_NUMBER_OBJECT_CONVERSION = YES_AGGRESSIVE;
				CLANG_CXX_LANGUAGE_STANDARD = "gnu++20";
				CLANG_ENABLE_MODULES = YES;
				CLANG_ENABLE_OBJC_ARC = YES;
				CLANG_ENABLE_OBJC_WEAK = YES;
				CLANG_WARN_BLOCK_CAPTURE_AUTORELEASING = YES;
				CLANG_WARN_BOOL_CONVERSION = YES;
				CLANG_WARN_COMMA = YES;
				CLANG_WARN_CONSTANT_CONVERSION = YES;
				CLANG_WARN_DEPRECATED_OBJC_IMPLEMENTATIONS = YES;
				CLANG_WARN_DIRECT_OBJC_ISA_USAGE = YES_ERROR;
				CLANG_WARN_DOCUMENTATION_COMMENTS = YES;
				CLANG_WARN_EMPTY_BODY = YES;
				CLANG_WARN_ENUM_CONVERSION = YES;
				CLANG_WARN_INFINITE_RECURSION = YES;
				CLANG_WARN_INT_CONVERSION = YES;
				CLANG_WARN_NON_LITERAL_NULL_CONVERSION = YES;
				CLANG_WARN_OBJC_IMPLICIT_RETAIN_SELF = YES;
				CLANG_WARN_OBJC_LITERAL_CONVERSION = YES;
				CLANG_WARN_OBJC_ROOT_CLASS = YES_ERROR;
				CLANG_WARN_QUOTED_INCLUDE_IN_FRAMEWORK_HEADER = YES;
				CLANG_WARN_RANGE_LOOP_ANALYSIS = YES;
				CLANG_WARN_STRICT_PROTOTYPES = YES;
				CLANG_WARN_SUSPICIOUS_MOVE = YES;
				CLANG_WARN_UNGUARDED_AVAILABILITY = YES_AGGRESSIVE;
				CLANG_WARN_UNREACHABLE_CODE = YES;
				CLANG_WARN__DUPLICATE_METHOD_MATCH = YES;
				COPY_PHASE_STRIP = NO;
				DEBUG_INFORMATION_FORMAT = "dwarf-with-dsym";
				ENABLE_NS_ASSERTIONS = NO;
				ENABLE_STRICT_OBJC_MSGSEND = YES;
				ENABLE_USER_SCRIPT_SANDBOXING = YES;
				GCC_C_LANGUAGE_STANDARD = gnu17;
				GCC_NO_COMMON_BLOCKS = YES;
				GCC_WARN_64_TO_32_BIT_CONVERSION = YES;
				GCC_WARN_ABOUT_RETURN_TYPE = YES_ERROR;
				GCC_WARN_UNDECLARED_SELECTOR = YES;
				GCC_WARN_UNINITIALIZED_AUTOS = YES_AGGRESSIVE;
				GCC_WARN_UNUSED_FUNCTION = YES;
				GCC_WARN_UNUSED_VARIABLE = YES;
				IPHONEOS_DEPLOYMENT_TARGET = 18.2;
				LOCALIZATION_PREFERS_STRING_CATALOGS = YES;
				MTL_ENABLE_DEBUG_INFO = NO;
				MTL_FAST_MATH = YES;
				SDKROOT = iphoneos;
				SWIFT_COMPILATION_MODE = wholemodule;
				VALIDATE_PRODUCT = YES;
			};
			name = Release;
		};
		56C443AE2D51578D008B85D2 /* Debug */ = {
			isa = XCBuildConfiguration;
			baseConfigurationReference = B5139F6B50100C8DDD115DF7 /* Pods-ReelAI.debug.xcconfig */;
			buildSettings = {
				ASSETCATALOG_COMPILER_APPICON_NAME = AppIcon;
				ASSETCATALOG_COMPILER_GLOBAL_ACCENT_COLOR_NAME = AccentColor;
				CODE_SIGN_ENTITLEMENTS = ReelAI/ReelAI.entitlements;
				CODE_SIGN_IDENTITY = "Apple Development";
				CODE_SIGN_STYLE = Automatic;
				CURRENT_PROJECT_VERSION = 1;
				DEVELOPMENT_ASSET_PATHS = "\"ReelAI/Preview Content\"";
				DEVELOPMENT_TEAM = 29Q5QL352V;
				ENABLE_PREVIEWS = YES;
				ENABLE_USER_SCRIPT_SANDBOXING = NO;
				GENERATE_INFOPLIST_FILE = YES;
				INFOPLIST_KEY_UIApplicationSceneManifest_Generation = YES;
				INFOPLIST_KEY_UIApplicationSupportsIndirectInputEvents = YES;
				INFOPLIST_KEY_UILaunchScreen_Generation = YES;
				INFOPLIST_KEY_UISupportedInterfaceOrientations_iPad = "UIInterfaceOrientationPortrait UIInterfaceOrientationPortraitUpsideDown UIInterfaceOrientationLandscapeLeft UIInterfaceOrientationLandscapeRight";
				INFOPLIST_KEY_UISupportedInterfaceOrientations_iPhone = "UIInterfaceOrientationPortrait UIInterfaceOrientationLandscapeLeft UIInterfaceOrientationLandscapeRight";
				IPHONEOS_DEPLOYMENT_TARGET = 18.0;
				LD_RUNPATH_SEARCH_PATHS = (
					"$(inherited)",
					"@executable_path/Frameworks",
				);
				MARKETING_VERSION = 1.0;
				PRODUCT_BUNDLE_IDENTIFIER = com.patdeveloper.ReelAI;
				PRODUCT_NAME = "$(TARGET_NAME)";
				PROVISIONING_PROFILE_SPECIFIER = "";
				SWIFT_EMIT_LOC_STRINGS = YES;
				SWIFT_VERSION = 5.0;
				TARGETED_DEVICE_FAMILY = "1,2";
			};
			name = Debug;
		};
		56C443AF2D51578D008B85D2 /* Release */ = {
			isa = XCBuildConfiguration;
			baseConfigurationReference = 289FED5806CC1581670B09CE /* Pods-ReelAI.release.xcconfig */;
			buildSettings = {
				ASSETCATALOG_COMPILER_APPICON_NAME = AppIcon;
				ASSETCATALOG_COMPILER_GLOBAL_ACCENT_COLOR_NAME = AccentColor;
				CODE_SIGN_ENTITLEMENTS = ReelAI/ReelAI.entitlements;
				CODE_SIGN_IDENTITY = "Apple Development";
				CODE_SIGN_STYLE = Automatic;
				CURRENT_PROJECT_VERSION = 1;
				DEVELOPMENT_ASSET_PATHS = "\"ReelAI/Preview Content\"";
				DEVELOPMENT_TEAM = 29Q5QL352V;
				ENABLE_PREVIEWS = YES;
				ENABLE_USER_SCRIPT_SANDBOXING = NO;
				GENERATE_INFOPLIST_FILE = YES;
				INFOPLIST_KEY_UIApplicationSceneManifest_Generation = YES;
				INFOPLIST_KEY_UIApplicationSupportsIndirectInputEvents = YES;
				INFOPLIST_KEY_UILaunchScreen_Generation = YES;
				INFOPLIST_KEY_UISupportedInterfaceOrientations_iPad = "UIInterfaceOrientationPortrait UIInterfaceOrientationPortraitUpsideDown UIInterfaceOrientationLandscapeLeft UIInterfaceOrientationLandscapeRight";
				INFOPLIST_KEY_UISupportedInterfaceOrientations_iPhone = "UIInterfaceOrientationPortrait UIInterfaceOrientationLandscapeLeft UIInterfaceOrientationLandscapeRight";
				IPHONEOS_DEPLOYMENT_TARGET = 18.0;
				LD_RUNPATH_SEARCH_PATHS = (
					"$(inherited)",
					"@executable_path/Frameworks",
				);
				MARKETING_VERSION = 1.0;
				PRODUCT_BUNDLE_IDENTIFIER = com.patdeveloper.ReelAI;
				PRODUCT_NAME = "$(TARGET_NAME)";
				PROVISIONING_PROFILE_SPECIFIER = "";
				SWIFT_EMIT_LOC_STRINGS = YES;
				SWIFT_VERSION = 5.0;
				TARGETED_DEVICE_FAMILY = "1,2";
			};
			name = Release;
		};
		56C443B12D51578D008B85D2 /* Debug */ = {
			isa = XCBuildConfiguration;
			baseConfigurationReference = 1A8DE5E8DD9074DA95620446 /* Pods-ReelAITests.debug.xcconfig */;
			buildSettings = {
				BUNDLE_LOADER = "$(TEST_HOST)";
				CODE_SIGN_STYLE = Automatic;
				CURRENT_PROJECT_VERSION = 1;
				GENERATE_INFOPLIST_FILE = YES;
				IPHONEOS_DEPLOYMENT_TARGET = 18.2;
				MARKETING_VERSION = 1.0;
				PRODUCT_BUNDLE_IDENTIFIER = com.patdeveloper.ReelAITests;
				PRODUCT_NAME = "$(TARGET_NAME)";
				SWIFT_EMIT_LOC_STRINGS = NO;
				SWIFT_VERSION = 5.0;
				TARGETED_DEVICE_FAMILY = "1,2";
				TEST_HOST = "$(BUILT_PRODUCTS_DIR)/ReelAI.app/$(BUNDLE_EXECUTABLE_FOLDER_PATH)/ReelAI";
			};
			name = Debug;
		};
		56C443B22D51578D008B85D2 /* Release */ = {
			isa = XCBuildConfiguration;
			baseConfigurationReference = 8A7054BC93D518B81313DA45 /* Pods-ReelAITests.release.xcconfig */;
			buildSettings = {
				BUNDLE_LOADER = "$(TEST_HOST)";
				CODE_SIGN_STYLE = Automatic;
				CURRENT_PROJECT_VERSION = 1;
				GENERATE_INFOPLIST_FILE = YES;
				IPHONEOS_DEPLOYMENT_TARGET = 18.2;
				MARKETING_VERSION = 1.0;
				PRODUCT_BUNDLE_IDENTIFIER = com.patdeveloper.ReelAITests;
				PRODUCT_NAME = "$(TARGET_NAME)";
				SWIFT_EMIT_LOC_STRINGS = NO;
				SWIFT_VERSION = 5.0;
				TARGETED_DEVICE_FAMILY = "1,2";
				TEST_HOST = "$(BUILT_PRODUCTS_DIR)/ReelAI.app/$(BUNDLE_EXECUTABLE_FOLDER_PATH)/ReelAI";
			};
			name = Release;
		};
		56C443B42D51578D008B85D2 /* Debug */ = {
			isa = XCBuildConfiguration;
			baseConfigurationReference = F83801A1EBBC6FD8A3CECFEB /* Pods-ReelAI-ReelAIUITests.debug.xcconfig */;
			buildSettings = {
				CODE_SIGN_STYLE = Automatic;
				CURRENT_PROJECT_VERSION = 1;
				GENERATE_INFOPLIST_FILE = YES;
				MARKETING_VERSION = 1.0;
				PRODUCT_BUNDLE_IDENTIFIER = com.patdeveloper.ReelAIUITests;
				PRODUCT_NAME = "$(TARGET_NAME)";
				SWIFT_EMIT_LOC_STRINGS = NO;
				SWIFT_VERSION = 5.0;
				TARGETED_DEVICE_FAMILY = "1,2";
				TEST_TARGET_NAME = ReelAI;
			};
			name = Debug;
		};
		56C443B52D51578D008B85D2 /* Release */ = {
			isa = XCBuildConfiguration;
			baseConfigurationReference = 0E3388112A040DDC05EC7626 /* Pods-ReelAI-ReelAIUITests.release.xcconfig */;
			buildSettings = {
				CODE_SIGN_STYLE = Automatic;
				CURRENT_PROJECT_VERSION = 1;
				GENERATE_INFOPLIST_FILE = YES;
				MARKETING_VERSION = 1.0;
				PRODUCT_BUNDLE_IDENTIFIER = com.patdeveloper.ReelAIUITests;
				PRODUCT_NAME = "$(TARGET_NAME)";
				SWIFT_EMIT_LOC_STRINGS = NO;
				SWIFT_VERSION = 5.0;
				TARGETED_DEVICE_FAMILY = "1,2";
				TEST_TARGET_NAME = ReelAI;
			};
			name = Release;
		};
/* End XCBuildConfiguration section */

/* Begin XCConfigurationList section */
		56C443842D51578A008B85D2 /* Build configuration list for PBXProject "ReelAI" */ = {
			isa = XCConfigurationList;
			buildConfigurations = (
				56C443AB2D51578D008B85D2 /* Debug */,
				56C443AC2D51578D008B85D2 /* Release */,
			);
			defaultConfigurationIsVisible = 0;
			defaultConfigurationName = Release;
		};
		56C443AD2D51578D008B85D2 /* Build configuration list for PBXNativeTarget "ReelAI" */ = {
			isa = XCConfigurationList;
			buildConfigurations = (
				56C443AE2D51578D008B85D2 /* Debug */,
				56C443AF2D51578D008B85D2 /* Release */,
			);
			defaultConfigurationIsVisible = 0;
			defaultConfigurationName = Release;
		};
		56C443B02D51578D008B85D2 /* Build configuration list for PBXNativeTarget "ReelAITests" */ = {
			isa = XCConfigurationList;
			buildConfigurations = (
				56C443B12D51578D008B85D2 /* Debug */,
				56C443B22D51578D008B85D2 /* Release */,
			);
			defaultConfigurationIsVisible = 0;
			defaultConfigurationName = Release;
		};
		56C443B32D51578D008B85D2 /* Build configuration list for PBXNativeTarget "ReelAIUITests" */ = {
			isa = XCConfigurationList;
			buildConfigurations = (
				56C443B42D51578D008B85D2 /* Debug */,
				56C443B52D51578D008B85D2 /* Release */,
			);
			defaultConfigurationIsVisible = 0;
			defaultConfigurationName = Release;
		};
/* End XCConfigurationList section */
	};
	rootObject = 56C443812D51578A008B85D2 /* Project object */;
}
